
Microsoft Visual Studio Solution File, Format Version 12.00
# Visual Studio Version 17
VisualStudioVersion = 17.4.33205.214
MinimumVisualStudioVersion = 10.0.40219.1
Project("{9A19103F-16F7-4668-BE54-9A1E7A4F7556}") = "Context", "Context.csproj", "{DE51131B-3F22-45A8-977A-733CA1EA3367}"
EndProject
Global
	GlobalSection(SolutionConfigurationPlatforms) = preSolution
		Debug|Any CPU = Debug|Any CPU
		Release|Any CPU = Release|Any CPU
	EndGlobalSection
	GlobalSection(ProjectConfigurationPlatforms) = postSolution
		{DE51131B-3F22-45A8-977A-733CA1EA3367}.Debug|Any CPU.ActiveCfg = Debug|Any CPU
		{DE51131B-3F22-45A8-977A-733CA1EA3367}.Debug|Any CPU.Build.0 = Debug|Any CPU
		{DE51131B-3F22-45A8-977A-733CA1EA3367}.Release|Any CPU.ActiveCfg = Release|Any CPU
		{DE51131B-3F22-45A8-977A-733CA1EA3367}.Release|Any CPU.Build.0 = Release|Any CPU
	EndGlobalSection
	GlobalSection(SolutionProperties) = preSolution
		HideSolutionNode = FALSE
	EndGlobalSection
	GlobalSection(ExtensibilityGlobals) = postSolution
		SolutionGuid = {BB17E75E-467D-416F-82F0-6AEAA8235FA2}
	EndGlobalSection
EndGlobal
